
Microsoft Visual Studio Solution File, Format Version 12.00
# Visual Studio Version 17
VisualStudioVersion = 17.14.36414.22 d17.14
MinimumVisualStudioVersion = 10.0.40219.1
Project("{FAE04EC0-301F-11D3-BF4B-00C04F79EFBC}") = "ApprentissageInformatique", "ApprentissageInformatique\ApprentissageInformatique.csproj", "{27DA6A80-653B-444A-80EE-62EDAC2852BC}"
EndProject
Global
	GlobalSection(SolutionConfigurationPlatforms) = preSolution
		Debug|Any CPU = Debug|Any CPU
		Release|Any CPU = Release|Any CPU
	EndGlobalSection
	GlobalSection(ProjectConfigurationPlatforms) = postSolution
		{27DA6A80-653B-444A-80EE-62EDAC2852BC}.Debug|Any CPU.ActiveCfg = Debug|Any CPU
		{27DA6A80-653B-444A-80EE-62EDAC2852BC}.Debug|Any CPU.Build.0 = Debug|Any CPU
		{27DA6A80-653B-444A-80EE-62EDAC2852BC}.Release|Any CPU.ActiveCfg = Release|Any CPU
		{27DA6A80-653B-444A-80EE-62EDAC2852BC}.Release|Any CPU.Build.0 = Release|Any CPU
	EndGlobalSection
	GlobalSection(SolutionProperties) = preSolution
		HideSolutionNode = FALSE
	EndGlobalSection
	GlobalSection(ExtensibilityGlobals) = postSolution
		SolutionGuid = {74C3C5D4-D56D-40A9-B581-3F47E418FAB9}
	EndGlobalSection
EndGlobal
